
Microsoft Visual Studio Solution File, Format Version 12.00
# Visual Studio Version 16
VisualStudioVersion = 16.0.30611.23
MinimumVisualStudioVersion = 10.0.40219.1
Project("{FAE04EC0-301F-11D3-BF4B-00C04F79EFBC}") = "WebApplication_test2", "WebApplication_test2.csproj", "{E0FBBC00-1DD6-4E0E-80D6-9BC2B7D5A450}"
EndProject
Global
	GlobalSection(SolutionConfigurationPlatforms) = preSolution
		Debug|Any CPU = Debug|Any CPU
		Release|Any CPU = Release|Any CPU
	EndGlobalSection
	GlobalSection(ProjectConfigurationPlatforms) = postSolution
		{E0FBBC00-1DD6-4E0E-80D6-9BC2B7D5A450}.Debug|Any CPU.ActiveCfg = Debug|Any CPU
		{E0FBBC00-1DD6-4E0E-80D6-9BC2B7D5A450}.Debug|Any CPU.Build.0 = Debug|Any CPU
		{E0FBBC00-1DD6-4E0E-80D6-9BC2B7D5A450}.Release|Any CPU.ActiveCfg = Release|Any CPU
		{E0FBBC00-1DD6-4E0E-80D6-9BC2B7D5A450}.Release|Any CPU.Build.0 = Release|Any CPU
	EndGlobalSection
	GlobalSection(SolutionProperties) = preSolution
		HideSolutionNode = FALSE
	EndGlobalSection
	GlobalSection(ExtensibilityGlobals) = postSolution
		SolutionGuid = {6F2749A3-C1EE-424D-9544-6D1F0ED9041D}
	EndGlobalSection
EndGlobal
